
Microsoft Visual Studio Solution File, Format Version 12.00
# Visual Studio 15
VisualStudioVersion = 15.0.27703.2047
MinimumVisualStudioVersion = 10.0.40219.1
Project("{888888A0-9F3D-457C-B088-3A5042F75D52}") = "maddpg_for_Unity", "maddpg_for_Unity.pyproj", "{AE0F1A02-2343-4F21-9F32-F2394B072378}"
EndProject
Global
	GlobalSection(SolutionConfigurationPlatforms) = preSolution
		Debug|Any CPU = Debug|Any CPU
		Release|Any CPU = Release|Any CPU
	EndGlobalSection
	GlobalSection(ProjectConfigurationPlatforms) = postSolution
		{AE0F1A02-2343-4F21-9F32-F2394B072378}.Debug|Any CPU.ActiveCfg = Debug|Any CPU
		{AE0F1A02-2343-4F21-9F32-F2394B072378}.Release|Any CPU.ActiveCfg = Release|Any CPU
	EndGlobalSection
	GlobalSection(SolutionProperties) = preSolution
		HideSolutionNode = FALSE
	EndGlobalSection
	GlobalSection(ExtensibilityGlobals) = postSolution
		SolutionGuid = {E12939C2-A115-4DCB-A0F8-BA299879343A}
	EndGlobalSection
EndGlobal
